
Microsoft Visual Studio Solution File, Format Version 12.00
# Visual Studio Version 16
VisualStudioVersion = 16.0.31702.278
MinimumVisualStudioVersion = 10.0.40219.1
Project("{9A19103F-16F7-4668-BE54-9A1E7A4F7556}") = "UILibrary", "UILibrary.csproj", "{A3A27683-C03A-4D32-9B06-C1A0D1FB3EBC}"
EndProject
Global
	GlobalSection(SolutionConfigurationPlatforms) = preSolution
		Debug|Any CPU = Debug|Any CPU
		Release|Any CPU = Release|Any CPU
	EndGlobalSection
	GlobalSection(ProjectConfigurationPlatforms) = postSolution
		{A3A27683-C03A-4D32-9B06-C1A0D1FB3EBC}.Debug|Any CPU.ActiveCfg = Debug|Any CPU
		{A3A27683-C03A-4D32-9B06-C1A0D1FB3EBC}.Debug|Any CPU.Build.0 = Debug|Any CPU
		{A3A27683-C03A-4D32-9B06-C1A0D1FB3EBC}.Release|Any CPU.ActiveCfg = Release|Any CPU
		{A3A27683-C03A-4D32-9B06-C1A0D1FB3EBC}.Release|Any CPU.Build.0 = Release|Any CPU
	EndGlobalSection
	GlobalSection(SolutionProperties) = preSolution
		HideSolutionNode = FALSE
	EndGlobalSection
	GlobalSection(ExtensibilityGlobals) = postSolution
		SolutionGuid = {6104C539-7528-4745-B273-B83E2BE69874}
	EndGlobalSection
EndGlobal
